# Generated by pub
# See https://dart.dev/tools/pub/glossary#lockfile
packages:
  meta:
    dependency: "direct main"
    description:
      name: meta
      url: "https://pub.dartlang.org"
    source: hosted
    version: "1.1.8"
  pedantic:
    dependency: "direct dev"
    description:
      name: pedantic
      url: "https://pub.dartlang.org"
    source: hosted
    version: "1.8.0+1"
  redux:
    dependency: "direct main"
    description:
      name: redux
      url: "https://pub.dartlang.org"
    source: hosted
    version: "3.0.0"
sdks:
  dart: ">=2.1.1-dev.0.0 <3.0.0"
